
Microsoft Visual Studio Solution File, Format Version 12.00
# Visual Studio 15
VisualStudioVersion = 15.0.28307.271
MinimumVisualStudioVersion = 10.0.40219.1
Project("{FAE04EC0-301F-11D3-BF4B-00C04F79EFBC}") = "AeatModelos", "AeatModelos.csproj", "{C506FA73-3739-449A-9631-72A66E523BC3}"
EndProject
Global
	GlobalSection(SolutionConfigurationPlatforms) = preSolution
		Debug|Any CPU = Debug|Any CPU
		Release|Any CPU = Release|Any CPU
	EndGlobalSection
	GlobalSection(ProjectConfigurationPlatforms) = postSolution
		{C506FA73-3739-449A-9631-72A66E523BC3}.Debug|Any CPU.ActiveCfg = Debug|Any CPU
		{C506FA73-3739-449A-9631-72A66E523BC3}.Debug|Any CPU.Build.0 = Debug|Any CPU
		{C506FA73-3739-449A-9631-72A66E523BC3}.Release|Any CPU.ActiveCfg = Release|Any CPU
		{C506FA73-3739-449A-9631-72A66E523BC3}.Release|Any CPU.Build.0 = Release|Any CPU
	EndGlobalSection
	GlobalSection(SolutionProperties) = preSolution
		HideSolutionNode = FALSE
	EndGlobalSection
	GlobalSection(ExtensibilityGlobals) = postSolution
		SolutionGuid = {8051D112-0385-48D0-BE5C-0F5E7475E090}
	EndGlobalSection
EndGlobal
